
Microsoft Visual Studio Solution File, Format Version 12.00
# Visual Studio Version 17
VisualStudioVersion = 17.1.32228.430
MinimumVisualStudioVersion = 10.0.40219.1
Project("{FAE04EC0-301F-11D3-BF4B-00C04F79EFBC}") = "ChatClient", "ChatClient\ChatClient.csproj", "{6E5C946A-BD9F-4D35-8D18-BD5D5E32C625}"
	ProjectSection(ProjectDependencies) = postProject
		{980C001E-B69C-4E0F-B7C6-FBE750B41253} = {980C001E-B69C-4E0F-B7C6-FBE750B41253}
	EndProjectSection
EndProject
Project("{2150E333-8FDC-42A3-9474-1A3956D46DE8}") = "DataAccessLayer", "DataAccessLayer", "{1952780B-399F-4266-A30B-0D5A3F9E5284}"
EndProject
Project("{2150E333-8FDC-42A3-9474-1A3956D46DE8}") = "ChatModel", "ChatModel", "{67582E74-F34F-459D-A41A-A1CF9494719F}"
EndProject
Project("{FAE04EC0-301F-11D3-BF4B-00C04F79EFBC}") = "ChatModel", "ChatModel\ChatModel.csproj", "{B8ED4E3E-1E8A-4E71-8899-1B5D7A27E917}"
EndProject
Project("{FAE04EC0-301F-11D3-BF4B-00C04F79EFBC}") = "CommonChatContext", "ChatContext\CommonChatContext.csproj", "{9C37997D-2524-4C42-9D86-1BBA38115F31}"
EndProject
Project("{FAE04EC0-301F-11D3-BF4B-00C04F79EFBC}") = "WcfService", "WcfService\WcfService.csproj", "{980C001E-B69C-4E0F-B7C6-FBE750B41253}"
EndProject
Project("{FAE04EC0-301F-11D3-BF4B-00C04F79EFBC}") = "Test", "Test\Test.csproj", "{2F2C9F99-0564-45FC-9F9C-0EA4CAF9F887}"
EndProject
Project("{FAE04EC0-301F-11D3-BF4B-00C04F79EFBC}") = "ChatClientMVC", "ChatClientMVC\ChatClientMVC.csproj", "{3B91FC2A-7709-4526-A77C-0C490CF88F29}"
EndProject
Project("{FAE04EC0-301F-11D3-BF4B-00C04F79EFBC}") = "NewChatClient", "NewChatClient\NewChatClient.csproj", "{3A3A0730-C881-4A5A-84B5-4A9AED6DEA77}"
	ProjectSection(ProjectDependencies) = postProject
		{980C001E-B69C-4E0F-B7C6-FBE750B41253} = {980C001E-B69C-4E0F-B7C6-FBE750B41253}
	EndProjectSection
EndProject
Global
	GlobalSection(SolutionConfigurationPlatforms) = preSolution
		Debug|Any CPU = Debug|Any CPU
		Release|Any CPU = Release|Any CPU
	EndGlobalSection
	GlobalSection(ProjectConfigurationPlatforms) = postSolution
		{6E5C946A-BD9F-4D35-8D18-BD5D5E32C625}.Debug|Any CPU.ActiveCfg = Debug|Any CPU
		{6E5C946A-BD9F-4D35-8D18-BD5D5E32C625}.Debug|Any CPU.Build.0 = Debug|Any CPU
		{6E5C946A-BD9F-4D35-8D18-BD5D5E32C625}.Release|Any CPU.ActiveCfg = Release|Any CPU
		{6E5C946A-BD9F-4D35-8D18-BD5D5E32C625}.Release|Any CPU.Build.0 = Release|Any CPU
		{B8ED4E3E-1E8A-4E71-8899-1B5D7A27E917}.Debug|Any CPU.ActiveCfg = Debug|Any CPU
		{B8ED4E3E-1E8A-4E71-8899-1B5D7A27E917}.Debug|Any CPU.Build.0 = Debug|Any CPU
		{B8ED4E3E-1E8A-4E71-8899-1B5D7A27E917}.Release|Any CPU.ActiveCfg = Release|Any CPU
		{B8ED4E3E-1E8A-4E71-8899-1B5D7A27E917}.Release|Any CPU.Build.0 = Release|Any CPU
		{9C37997D-2524-4C42-9D86-1BBA38115F31}.Debug|Any CPU.ActiveCfg = Debug|Any CPU
		{9C37997D-2524-4C42-9D86-1BBA38115F31}.Debug|Any CPU.Build.0 = Debug|Any CPU
		{9C37997D-2524-4C42-9D86-1BBA38115F31}.Release|Any CPU.ActiveCfg = Release|Any CPU
		{9C37997D-2524-4C42-9D86-1BBA38115F31}.Release|Any CPU.Build.0 = Release|Any CPU
		{980C001E-B69C-4E0F-B7C6-FBE750B41253}.Debug|Any CPU.ActiveCfg = Debug|Any CPU
		{980C001E-B69C-4E0F-B7C6-FBE750B41253}.Debug|Any CPU.Build.0 = Debug|Any CPU
		{980C001E-B69C-4E0F-B7C6-FBE750B41253}.Release|Any CPU.ActiveCfg = Release|Any CPU
		{980C001E-B69C-4E0F-B7C6-FBE750B41253}.Release|Any CPU.Build.0 = Release|Any CPU
		{2F2C9F99-0564-45FC-9F9C-0EA4CAF9F887}.Debug|Any CPU.ActiveCfg = Debug|Any CPU
		{2F2C9F99-0564-45FC-9F9C-0EA4CAF9F887}.Debug|Any CPU.Build.0 = Debug|Any CPU
		{2F2C9F99-0564-45FC-9F9C-0EA4CAF9F887}.Release|Any CPU.ActiveCfg = Release|Any CPU
		{2F2C9F99-0564-45FC-9F9C-0EA4CAF9F887}.Release|Any CPU.Build.0 = Release|Any CPU
		{3B91FC2A-7709-4526-A77C-0C490CF88F29}.Debug|Any CPU.ActiveCfg = Debug|Any CPU
		{3B91FC2A-7709-4526-A77C-0C490CF88F29}.Debug|Any CPU.Build.0 = Debug|Any CPU
		{3B91FC2A-7709-4526-A77C-0C490CF88F29}.Release|Any CPU.ActiveCfg = Release|Any CPU
		{3B91FC2A-7709-4526-A77C-0C490CF88F29}.Release|Any CPU.Build.0 = Release|Any CPU
		{3A3A0730-C881-4A5A-84B5-4A9AED6DEA77}.Debug|Any CPU.ActiveCfg = Debug|Any CPU
		{3A3A0730-C881-4A5A-84B5-4A9AED6DEA77}.Debug|Any CPU.Build.0 = Debug|Any CPU
		{3A3A0730-C881-4A5A-84B5-4A9AED6DEA77}.Release|Any CPU.ActiveCfg = Release|Any CPU
		{3A3A0730-C881-4A5A-84B5-4A9AED6DEA77}.Release|Any CPU.Build.0 = Release|Any CPU
	EndGlobalSection
	GlobalSection(SolutionProperties) = preSolution
		HideSolutionNode = FALSE
	EndGlobalSection
	GlobalSection(NestedProjects) = preSolution
		{B8ED4E3E-1E8A-4E71-8899-1B5D7A27E917} = {67582E74-F34F-459D-A41A-A1CF9494719F}
		{9C37997D-2524-4C42-9D86-1BBA38115F31} = {1952780B-399F-4266-A30B-0D5A3F9E5284}
	EndGlobalSection
	GlobalSection(ExtensibilityGlobals) = postSolution
		SolutionGuid = {823B442C-B062-4CC9-A046-801AA8337266}
	EndGlobalSection
EndGlobal
